
Microsoft Visual Studio Solution File, Format Version 12.00
# Visual Studio Version 16
VisualStudioVersion = 16.0.29519.87
MinimumVisualStudioVersion = 10.0.40219.1
Project("{FAE04EC0-301F-11D3-BF4B-00C04F79EFBC}") = "TrackerLibrary", "TrackerLibrary\TrackerLibrary.csproj", "{A7476B17-E605-4938-A0CD-0003A965617E}"
EndProject
Project("{FAE04EC0-301F-11D3-BF4B-00C04F79EFBC}") = "TrackerUI", "TrackerUI\TrackerUI.csproj", "{388FB337-79F2-486E-8CD4-D63D2E867FC4}"
EndProject
Global
	GlobalSection(SolutionConfigurationPlatforms) = preSolution
		Debug|Any CPU = Debug|Any CPU
		Release|Any CPU = Release|Any CPU
	EndGlobalSection
	GlobalSection(ProjectConfigurationPlatforms) = postSolution
		{A7476B17-E605-4938-A0CD-0003A965617E}.Debug|Any CPU.ActiveCfg = Debug|Any CPU
		{A7476B17-E605-4938-A0CD-0003A965617E}.Debug|Any CPU.Build.0 = Debug|Any CPU
		{A7476B17-E605-4938-A0CD-0003A965617E}.Release|Any CPU.ActiveCfg = Release|Any CPU
		{A7476B17-E605-4938-A0CD-0003A965617E}.Release|Any CPU.Build.0 = Release|Any CPU
		{388FB337-79F2-486E-8CD4-D63D2E867FC4}.Debug|Any CPU.ActiveCfg = Debug|Any CPU
		{388FB337-79F2-486E-8CD4-D63D2E867FC4}.Debug|Any CPU.Build.0 = Debug|Any CPU
		{388FB337-79F2-486E-8CD4-D63D2E867FC4}.Release|Any CPU.ActiveCfg = Release|Any CPU
		{388FB337-79F2-486E-8CD4-D63D2E867FC4}.Release|Any CPU.Build.0 = Release|Any CPU
	EndGlobalSection
	GlobalSection(SolutionProperties) = preSolution
		HideSolutionNode = FALSE
	EndGlobalSection
	GlobalSection(ExtensibilityGlobals) = postSolution
		SolutionGuid = {E98624EC-E90F-4FDF-A5A1-9A26F8FC0ED4}
	EndGlobalSection
EndGlobal
